
Microsoft Visual Studio Solution File, Format Version 12.00
# Visual Studio 2013
VisualStudioVersion = 12.0.30723.0
MinimumVisualStudioVersion = 10.0.40219.1
Project("{8BC9CEB8-8B4A-11D0-8D11-00A0C91BC942}") = "IsoSelect", "IsoSelect\IsoSelect.vcxproj", "{0247525B-D8D2-4964-BA3F-4F4FC0EA675E}"
EndProject
Project("{8BC9CEB8-8B4A-11D0-8D11-00A0C91BC942}") = "CrossSection", "CrossSection\CrossSection.vcxproj", "{1E9836E5-8A80-4C95-BCB3-689D31ED1DE9}"
EndProject
Project("{8BC9CEB8-8B4A-11D0-8D11-00A0C91BC942}") = "3DDiffusion", "3DDiffusion\3DDiffusion.vcxproj", "{0BE6CA35-FCB1-4EA8-851B-553D8BA6D14E}"
EndProject
Project("{8BC9CEB8-8B4A-11D0-8D11-00A0C91BC942}") = "LaplaceReconstruction", "LaplaceReconstruction\LaplaceReconstruction.vcxproj", "{C19B3B3A-77B6-412F-B351-2975CA3142A1}"
EndProject
Global
	GlobalSection(SolutionConfigurationPlatforms) = preSolution
		Debug|Win32 = Debug|Win32
		Debug|x64 = Debug|x64
		Release|Win32 = Release|Win32
		Release|x64 = Release|x64
	EndGlobalSection
	GlobalSection(ProjectConfigurationPlatforms) = postSolution
		{0247525B-D8D2-4964-BA3F-4F4FC0EA675E}.Debug|Win32.ActiveCfg = Debug|Win32
		{0247525B-D8D2-4964-BA3F-4F4FC0EA675E}.Debug|Win32.Build.0 = Debug|Win32
		{0247525B-D8D2-4964-BA3F-4F4FC0EA675E}.Debug|x64.ActiveCfg = Debug|x64
		{0247525B-D8D2-4964-BA3F-4F4FC0EA675E}.Debug|x64.Build.0 = Debug|x64
		{0247525B-D8D2-4964-BA3F-4F4FC0EA675E}.Release|Win32.ActiveCfg = Release|Win32
		{0247525B-D8D2-4964-BA3F-4F4FC0EA675E}.Release|Win32.Build.0 = Release|Win32
		{0247525B-D8D2-4964-BA3F-4F4FC0EA675E}.Release|x64.ActiveCfg = Release|x64
		{0247525B-D8D2-4964-BA3F-4F4FC0EA675E}.Release|x64.Build.0 = Release|x64
		{1E9836E5-8A80-4C95-BCB3-689D31ED1DE9}.Debug|Win32.ActiveCfg = Debug|Win32
		{1E9836E5-8A80-4C95-BCB3-689D31ED1DE9}.Debug|Win32.Build.0 = Debug|Win32
		{1E9836E5-8A80-4C95-BCB3-689D31ED1DE9}.Debug|x64.ActiveCfg = Debug|Win32
		{1E9836E5-8A80-4C95-BCB3-689D31ED1DE9}.Release|Win32.ActiveCfg = Release|Win32
		{1E9836E5-8A80-4C95-BCB3-689D31ED1DE9}.Release|Win32.Build.0 = Release|Win32
		{1E9836E5-8A80-4C95-BCB3-689D31ED1DE9}.Release|x64.ActiveCfg = Release|Win32
		{0BE6CA35-FCB1-4EA8-851B-553D8BA6D14E}.Debug|Win32.ActiveCfg = Debug|Win32
		{0BE6CA35-FCB1-4EA8-851B-553D8BA6D14E}.Debug|Win32.Build.0 = Debug|Win32
		{0BE6CA35-FCB1-4EA8-851B-553D8BA6D14E}.Debug|x64.ActiveCfg = Debug|Win32
		{0BE6CA35-FCB1-4EA8-851B-553D8BA6D14E}.Release|Win32.ActiveCfg = Release|Win32
		{0BE6CA35-FCB1-4EA8-851B-553D8BA6D14E}.Release|Win32.Build.0 = Release|Win32
		{0BE6CA35-FCB1-4EA8-851B-553D8BA6D14E}.Release|x64.ActiveCfg = Release|Win32
		{C19B3B3A-77B6-412F-B351-2975CA3142A1}.Debug|Win32.ActiveCfg = Debug|Win32
		{C19B3B3A-77B6-412F-B351-2975CA3142A1}.Debug|Win32.Build.0 = Debug|Win32
		{C19B3B3A-77B6-412F-B351-2975CA3142A1}.Debug|x64.ActiveCfg = Debug|x64
		{C19B3B3A-77B6-412F-B351-2975CA3142A1}.Release|Win32.ActiveCfg = Release|Win32
		{C19B3B3A-77B6-412F-B351-2975CA3142A1}.Release|Win32.Build.0 = Release|Win32
		{C19B3B3A-77B6-412F-B351-2975CA3142A1}.Release|x64.ActiveCfg = Release|Win32
	EndGlobalSection
	GlobalSection(SolutionProperties) = preSolution
		HideSolutionNode = FALSE
	EndGlobalSection
EndGlobal
